
Microsoft Visual Studio Solution File, Format Version 12.00
# Visual Studio Version 17
VisualStudioVersion = 17.14.36119.2 d17.14
MinimumVisualStudioVersion = 10.0.40219.1
Project("{FAE04EC0-301F-11D3-BF4B-00C04F79EFBC}") = "CSharp", "CSharp\CSharp.csproj", "{BF1B8537-7A4F-4308-B8C6-C27D6E0DF099}"
EndProject
Global
	GlobalSection(SolutionConfigurationPlatforms) = preSolution
		Debug|Any CPU = Debug|Any CPU
		Release|Any CPU = Release|Any CPU
	EndGlobalSection
	GlobalSection(ProjectConfigurationPlatforms) = postSolution
		{BF1B8537-7A4F-4308-B8C6-C27D6E0DF099}.Debug|Any CPU.ActiveCfg = Debug|Any CPU
		{BF1B8537-7A4F-4308-B8C6-C27D6E0DF099}.Debug|Any CPU.Build.0 = Debug|Any CPU
		{BF1B8537-7A4F-4308-B8C6-C27D6E0DF099}.Release|Any CPU.ActiveCfg = Release|Any CPU
		{BF1B8537-7A4F-4308-B8C6-C27D6E0DF099}.Release|Any CPU.Build.0 = Release|Any CPU
	EndGlobalSection
	GlobalSection(SolutionProperties) = preSolution
		HideSolutionNode = FALSE
	EndGlobalSection
	GlobalSection(ExtensibilityGlobals) = postSolution
		SolutionGuid = {AD3C81D2-A7FB-4BA4-B20F-D106286B1589}
	EndGlobalSection
EndGlobal
